
Microsoft Visual Studio Solution File, Format Version 12.00
# Visual Studio 15
VisualStudioVersion = 15.0.28010.2036
MinimumVisualStudioVersion = 10.0.40219.1
Project("{FAE04EC0-301F-11D3-BF4B-00C04F79EFBC}") = "msgpackinspector", "msgpackinspector.csproj", "{CCD5F338-250C-42DC-85D1-00C22EF42EE4}"
EndProject
Global
	GlobalSection(SolutionConfigurationPlatforms) = preSolution
		Debug|Any CPU = Debug|Any CPU
		Release|Any CPU = Release|Any CPU
	EndGlobalSection
	GlobalSection(ProjectConfigurationPlatforms) = postSolution
		{CCD5F338-250C-42DC-85D1-00C22EF42EE4}.Debug|Any CPU.ActiveCfg = Debug|Any CPU
		{CCD5F338-250C-42DC-85D1-00C22EF42EE4}.Debug|Any CPU.Build.0 = Debug|Any CPU
		{CCD5F338-250C-42DC-85D1-00C22EF42EE4}.Release|Any CPU.ActiveCfg = Release|Any CPU
		{CCD5F338-250C-42DC-85D1-00C22EF42EE4}.Release|Any CPU.Build.0 = Release|Any CPU
	EndGlobalSection
	GlobalSection(SolutionProperties) = preSolution
		HideSolutionNode = FALSE
	EndGlobalSection
	GlobalSection(ExtensibilityGlobals) = postSolution
		SolutionGuid = {B9C5FECD-4867-4DCC-BC5E-CF2B29B0D32F}
	EndGlobalSection
EndGlobal
